
Microsoft Visual Studio Solution File, Format Version 12.00
# Visual Studio Version 16
VisualStudioVersion = 16.0.31205.175
MinimumVisualStudioVersion = 10.0.40219.1
Project("{FAE04EC0-301F-11D3-BF4B-00C04F79EFBC}") = "ReactApp_SendingAPIto_CoreAPI_VP2019", "ReactApp_SendingAPIto_CoreAPI_VP2019.csproj", "{05B78279-AF52-4033-B7E9-4C7A14BA125C}"
EndProject
Global
	GlobalSection(SolutionConfigurationPlatforms) = preSolution
		Debug|Any CPU = Debug|Any CPU
		Release|Any CPU = Release|Any CPU
	EndGlobalSection
	GlobalSection(ProjectConfigurationPlatforms) = postSolution
		{05B78279-AF52-4033-B7E9-4C7A14BA125C}.Debug|Any CPU.ActiveCfg = Debug|Any CPU
		{05B78279-AF52-4033-B7E9-4C7A14BA125C}.Debug|Any CPU.Build.0 = Debug|Any CPU
		{05B78279-AF52-4033-B7E9-4C7A14BA125C}.Release|Any CPU.ActiveCfg = Release|Any CPU
		{05B78279-AF52-4033-B7E9-4C7A14BA125C}.Release|Any CPU.Build.0 = Release|Any CPU
	EndGlobalSection
	GlobalSection(SolutionProperties) = preSolution
		HideSolutionNode = FALSE
	EndGlobalSection
	GlobalSection(ExtensibilityGlobals) = postSolution
		SolutionGuid = {5B6FD3AB-41D6-4B36-9EE6-39739D905AF0}
	EndGlobalSection
EndGlobal
